// !$*UTF8*$!
{
	archiveVersion = 1;
	classes = {
	};
	objectVersion = 77;
	objects = {

/* Begin PBXContainerItemProxy section */
		C6702D062D119265000A542F /* PBXContainerItemProxy */ = {
			isa = PBXContainerItemProxy;
			containerPortal = C6702CE72D119264000A542F /* Project object */;
			proxyType = 1;
			remoteGlobalIDString = C6702CEE2D119264000A542F;
			remoteInfo = likelion12th_app;
		};
		C6702D102D119265000A542F /* PBXContainerItemProxy */ = {
			isa = PBXContainerItemProxy;
			containerPortal = C6702CE72D119264000A542F /* Project object */;
			proxyType = 1;
			remoteGlobalIDString = C6702CEE2D119264000A542F;
			remoteInfo = likelion12th_app;
		};
/* End PBXContainerItemProxy section */

/* Begin PBXFileReference section */
		C6702CEF2D119264000A542F /* likelion12th_app.app */ = {isa = PBXFileReference; explicitFileType = wrapper.application; includeInIndex = 0; path = likelion12th_app.app; sourceTree = BUILT_PRODUCTS_DIR; };
		C6702D052D119265000A542F /* likelion12th_appTests.xctest */ = {isa = PBXFileReference; explicitFileType = wrapper.cfbundle; includeInIndex = 0; path = likelion12th_appTests.xctest; sourceTree = BUILT_PRODUCTS_DIR; };
		C6702D0F2D119265000A542F /* likelion12th_appUITests.xctest */ = {isa = PBXFileReference; explicitFileType = wrapper.cfbundle; includeInIndex = 0; path = likelion12th_appUITests.xctest; sourceTree = BUILT_PRODUCTS_DIR; };
/* End PBXFileReference section */

/* Begin PBXFileSystemSynchronizedBuildFileExceptionSet section */
		C6702D172D119265000A542F /* Exceptions for "likelion12th_app" folder in "likelion12th_app" target */ = {
			isa = PBXFileSystemSynchronizedBuildFileExceptionSet;
			membershipExceptions = (
				Info.plist,
			);
			target = C6702CEE2D119264000A542F /* likelion12th_app */;
		};
/* End PBXFileSystemSynchronizedBuildFileExceptionSet section */

/* Begin PBXFileSystemSynchronizedRootGroup section */
		C6702CF12D119264000A542F /* likelion12th_app */ = {
			isa = PBXFileSystemSynchronizedRootGroup;
			exceptions = (
				C6702D172D119265000A542F /* Exceptions for "likelion12th_app" folder in "likelion12th_app" target */,
			);
			path = likelion12th_app;
			sourceTree = "<group>";
		};
		C6702D082D119265000A542F /* likelion12th_appTests */ = {
			isa = PBXFileSystemSynchronizedRootGroup;
			path = likelion12th_appTests;
			sourceTree = "<group>";
		};
		C6702D122D119265000A542F /* likelion12th_appUITests */ = {
			isa = PBXFileSystemSynchronizedRootGroup;
			path = likelion12th_appUITests;
			sourceTree = "<group>";
		};
/* End PBXFileSystemSynchronizedRootGroup section */

/* Begin PBXFrameworksBuildPhase section */
		C6702CEC2D119264000A542F /* Frameworks */ = {
			isa = PBXFrameworksBuildPhase;
			buildActionMask = 2147483647;
			files = (
			);
			runOnlyForDeploymentPostprocessing = 0;
		};
		C6702D022D119265000A542F /* Frameworks */ = {
			isa = PBXFrameworksBuildPhase;
			buildActionMask = 2147483647;
			files = (
			);
			runOnlyForDeploymentPostprocessing = 0;
		};
		C6702D0C2D119265000A542F /* Frameworks */ = {
			isa = PBXFrameworksBuildPhase;
			buildActionMask = 2147483647;
			files = (
			);
			runOnlyForDeploymentPostprocessing = 0;
		};
/* End PBXFrameworksBuildPhase section */

/* Begin PBXGroup section */
		C6702CE62D119264000A542F = {
			isa = PBXGroup;
			children = (
				C6702CF12D119264000A542F /* likelion12th_app */,
				C6702D082D119265000A542F /* likelion12th_appTests */,
				C6702D122D119265000A542F /* likelion12th_appUITests */,
				C6702CF02D119264000A542F /* Products */,
			);
			sourceTree = "<group>";
		};
		C6702CF02D119264000A542F /* Products */ = {
			isa = PBXGroup;
			children = (
				C6702CEF2D119264000A542F /* likelion12th_app.app */,
				C6702D052D119265000A542F /* likelion12th_appTests.xctest */,
				C6702D0F2D119265000A542F /* likelion12th_appUITests.xctest */,
			);
			name = Products;
			sourceTree = "<group>";
		};
/* End PBXGroup section */

/* Begin PBXNativeTarget section */
		C6702CEE2D119264000A542F /* likelion12th_app */ = {
			isa = PBXNativeTarget;
			buildConfigurationList = C6702D182D119265000A542F /* Build configuration list for PBXNativeTarget "likelion12th_app" */;
			buildPhases = (
				C6702CEB2D119264000A542F /* Sources */,
				C6702CEC2D119264000A542F /* Frameworks */,
				C6702CED2D119264000A542F /* Resources */,
			);
			buildRules = (
			);
			dependencies = (
			);
			fileSystemSynchronizedGroups = (
				C6702CF12D119264000A542F /* likelion12th_app */,
			);
			name = likelion12th_app;
			packageProductDependencies = (
			);
			productName = likelion12th_app;
			productReference = C6702CEF2D119264000A542F /* likelion12th_app.app */;
			productType = "com.apple.product-type.application";
		};
		C6702D042D119265000A542F /* likelion12th_appTests */ = {
			isa = PBXNativeTarget;
			buildConfigurationList = C6702D1D2D119265000A542F /* Build configuration list for PBXNativeTarget "likelion12th_appTests" */;
			buildPhases = (
				C6702D012D119265000A542F /* Sources */,
				C6702D022D119265000A542F /* Frameworks */,
				C6702D032D119265000A542F /* Resources */,
			);
			buildRules = (
			);
			dependencies = (
				C6702D072D119265000A542F /* PBXTargetDependency */,
			);
			fileSystemSynchronizedGroups = (
				C6702D082D119265000A542F /* likelion12th_appTests */,
			);
			name = likelion12th_appTests;
			packageProductDependencies = (
			);
			productName = likelion12th_appTests;
			productReference = C6702D052D119265000A542F /* likelion12th_appTests.xctest */;
			productType = "com.apple.product-type.bundle.unit-test";
		};
		C6702D0E2D119265000A542F /* likelion12th_appUITests */ = {
			isa = PBXNativeTarget;
			buildConfigurationList = C6702D202D119265000A542F /* Build configuration list for PBXNativeTarget "likelion12th_appUITests" */;
			buildPhases = (
				C6702D0B2D119265000A542F /* Sources */,
				C6702D0C2D119265000A542F /* Frameworks */,
				C6702D0D2D119265000A542F /* Resources */,
			);
			buildRules = (
			);
			dependencies = (
				C6702D112D119265000A542F /* PBXTargetDependency */,
			);
			fileSystemSynchronizedGroups = (
				C6702D122D119265000A542F /* likelion12th_appUITests */,
			);
			name = likelion12th_appUITests;
			packageProductDependencies = (
			);
			productName = likelion12th_appUITests;
			productReference = C6702D0F2D119265000A542F /* likelion12th_appUITests.xctest */;
			productType = "com.apple.product-type.bundle.ui-testing";
		};
/* End PBXNativeTarget section */

/* Begin PBXProject section */
		C6702CE72D119264000A542F /* Project object */ = {
			isa = PBXProject;
			attributes = {
				BuildIndependentTargetsInParallel = 1;
				LastSwiftUpdateCheck = 1600;
				LastUpgradeCheck = 1600;
				TargetAttributes = {
					C6702CEE2D119264000A542F = {
						CreatedOnToolsVersion = 16.0;
					};
					C6702D042D119265000A542F = {
						CreatedOnToolsVersion = 16.0;
						TestTargetID = C6702CEE2D119264000A542F;
					};
					C6702D0E2D119265000A542F = {
						CreatedOnToolsVersion = 16.0;
						TestTargetID = C6702CEE2D119264000A542F;
					};
				};
			};
			buildConfigurationList = C6702CEA2D119264000A542F /* Build configuration list for PBXProject "likelion12th_app" */;
			developmentRegion = en;
			hasScannedForEncodings = 0;
			knownRegions = (
				en,
				Base,
			);
			mainGroup = C6702CE62D119264000A542F;
			minimizedProjectReferenceProxies = 1;
			preferredProjectObjectVersion = 77;
			productRefGroup = C6702CF02D119264000A542F /* Products */;
			projectDirPath = "";
			projectRoot = "";
			targets = (
				C6702CEE2D119264000A542F /* likelion12th_app */,
				C6702D042D119265000A542F /* likelion12th_appTests */,
				C6702D0E2D119265000A542F /* likelion12th_appUITests */,
			);
		};
/* End PBXProject section */

/* Begin PBXResourcesBuildPhase section */
		C6702CED2D119264000A542F /* Resources */ = {
			isa = PBXResourcesBuildPhase;
			buildActionMask = 2147483647;
			files = (
			);
			runOnlyForDeploymentPostprocessing = 0;
		};
		C6702D032D119265000A542F /* Resources */ = {
			isa = PBXResourcesBuildPhase;
			buildActionMask = 2147483647;
			files = (
			);
			runOnlyForDeploymentPostprocessing = 0;
		};
		C6702D0D2D119265000A542F /* Resources */ = {
			isa = PBXResourcesBuildPhase;
			buildActionMask = 2147483647;
			files = (
			);
			runOnlyForDeploymentPostprocessing = 0;
		};
/* End PBXResourcesBuildPhase section */

/* Begin PBXSourcesBuildPhase section */
		C6702CEB2D119264000A542F /* Sources */ = {
			isa = PBXSourcesBuildPhase;
			buildActionMask = 2147483647;
			files = (
			);
			runOnlyForDeploymentPostprocessing = 0;
		};
		C6702D012D119265000A542F /* Sources */ = {
			isa = PBXSourcesBuildPhase;
			buildActionMask = 2147483647;
			files = (
			);
			runOnlyForDeploymentPostprocessing = 0;
		};
		C6702D0B2D119265000A542F /* Sources */ = {
			isa = PBXSourcesBuildPhase;
			buildActionMask = 2147483647;
			files = (
			);
			runOnlyForDeploymentPostprocessing = 0;
		};
/* End PBXSourcesBuildPhase section */

/* Begin PBXTargetDependency section */
		C6702D072D119265000A542F /* PBXTargetDependency */ = {
			isa = PBXTargetDependency;
			target = C6702CEE2D119264000A542F /* likelion12th_app */;
			targetProxy = C6702D062D119265000A542F /* PBXContainerItemProxy */;
		};
		C6702D112D119265000A542F /* PBXTargetDependency */ = {
			isa = PBXTargetDependency;
			target = C6702CEE2D119264000A542F /* likelion12th_app */;
			targetProxy = C6702D102D119265000A542F /* PBXContainerItemProxy */;
		};
/* End PBXTargetDependency section */

/* Begin XCBuildConfiguration section */
		C6702D192D119265000A542F /* Debug */ = {
			isa = XCBuildConfiguration;
			buildSettings = {
				ASSETCATALOG_COMPILER_APPICON_NAME = AppIcon;
				ASSETCATALOG_COMPILER_GLOBAL_ACCENT_COLOR_NAME = AccentColor;
				CODE_SIGN_STYLE = Automatic;
				CURRENT_PROJECT_VERSION = 1;
				DEVELOPMENT_TEAM = CHH84YXX66;
				GENERATE_INFOPLIST_FILE = YES;
				INFOPLIST_FILE = likelion12th_app/Info.plist;
				INFOPLIST_KEY_UIApplicationSupportsIndirectInputEvents = YES;
				INFOPLIST_KEY_UILaunchStoryboardName = LaunchScreen;
				INFOPLIST_KEY_UIMainStoryboardFile = Main;
				INFOPLIST_KEY_UISupportedInterfaceOrientations_iPad = "UIInterfaceOrientationPortrait UIInterfaceOrientationPortraitUpsideDown UIInterfaceOrientationLandscapeLeft UIInterfaceOrientationLandscapeRight";
				INFOPLIST_KEY_UISupportedInterfaceOrientations_iPhone = "UIInterfaceOrientationPortrait UIInterfaceOrientationLandscapeLeft UIInterfaceOrientationLandscapeRight";
				LD_RUNPATH_SEARCH_PATHS = (
					"$(inherited)",
					"@executable_path/Frameworks",
				);
				MARKETING_VERSION = 1.0;
				PRODUCT_BUNDLE_IDENTIFIER = "ddwu.com.iosmobile.hszoo.likelion12th-app";
				PRODUCT_NAME = "$(TARGET_NAME)";
				SWIFT_EMIT_LOC_STRINGS = YES;
				SWIFT_VERSION = 5.0;
				TARGETED_DEVICE_FAMILY = "1,2";
			};
			name = Debug;
		};
		C6702D1A2D119265000A542F /* Release */ = {
			isa = XCBuildConfiguration;
			buildSettings = {
				ASSETCATALOG_COMPILER_APPICON_NAME = AppIcon;
				ASSETCATALOG_COMPILER_GLOBAL_ACCENT_COLOR_NAME = AccentColor;
				CODE_SIGN_STYLE = Automatic;
				CURRENT_PROJECT_VERSION = 1;
				DEVELOPMENT_TEAM = CHH84YXX66;
				GENERATE_INFOPLIST_FILE = YES;
				INFOPLIST_FILE = likelion12th_app/Info.plist;
				INFOPLIST_KEY_UIApplicationSupportsIndirectInputEvents = YES;
				INFOPLIST_KEY_UILaunchStoryboardName = LaunchScreen;
				INFOPLIST_KEY_UIMainStoryboardFile = Main;
				INFOPLIST_KEY_UISupportedInterfaceOrientations_iPad = "UIInterfaceOrientationPortrait UIInterfaceOrientationPortraitUpsideDown UIInterfaceOrientationLandscapeLeft UIInterfaceOrientationLandscapeRight";
				INFOPLIST_KEY_UISupportedInterfaceOrientations_iPhone = "UIInterfaceOrientationPortrait UIInterfaceOrientationLandscapeLeft UIInterfaceOrientationLandscapeRight";
				LD_RUNPATH_SEARCH_PATHS = (
					"$(inherited)",
					"@executable_path/Frameworks",
				);
				MARKETING_VERSION = 1.0;
				PRODUCT_BUNDLE_IDENTIFIER = "ddwu.com.iosmobile.hszoo.likelion12th-app";
				PRODUCT_NAME = "$(TARGET_NAME)";
				SWIFT_EMIT_LOC_STRINGS = YES;
				SWIFT_VERSION = 5.0;
				TARGETED_DEVICE_FAMILY = "1,2";
			};
			name = Release;
		};
		C6702D1B2D119265000A542F /* Debug */ = {
			isa = XCBuildConfiguration;
			buildSettings = {
				ALWAYS_SEARCH_USER_PATHS = NO;
				ASSETCATALOG_COMPILER_GENERATE_SWIFT_ASSET_SYMBOL_EXTENSIONS = YES;
				CLANG_ANALYZER_NONNULL = YES;
				CLANG_ANALYZER_NUMBER_OBJECT_CONVERSION = YES_AGGRESSIVE;
				CLANG_CXX_LANGUAGE_STANDARD = "gnu++20";
				CLANG_ENABLE_MODULES = YES;
				CLANG_ENABLE_OBJC_ARC = YES;
				CLANG_ENABLE_OBJC_WEAK = YES;
				CLANG_WARN_BLOCK_CAPTURE_AUTORELEASING = YES;
				CLANG_WARN_BOOL_CONVERSION = YES;
				CLANG_WARN_COMMA = YES;
				CLANG_WARN_CONSTANT_CONVERSION = YES;
				CLANG_WARN_DEPRECATED_OBJC_IMPLEMENTATIONS = YES;
				CLANG_WARN_DIRECT_OBJC_ISA_USAGE = YES_ERROR;
				CLANG_WARN_DOCUMENTATION_COMMENTS = YES;
				CLANG_WARN_EMPTY_BODY = YES;
				CLANG_WARN_ENUM_CONVERSION = YES;
				CLANG_WARN_INFINITE_RECURSION = YES;
				CLANG_WARN_INT_CONVERSION = YES;
				CLANG_WARN_NON_LITERAL_NULL_CONVERSION = YES;
				CLANG_WARN_OBJC_IMPLICIT_RETAIN_SELF = YES;
				CLANG_WARN_OBJC_LITERAL_CONVERSION = YES;
				CLANG_WARN_OBJC_ROOT_CLASS = YES_ERROR;
				CLANG_WARN_QUOTED_INCLUDE_IN_FRAMEWORK_HEADER = YES;
				CLANG_WARN_RANGE_LOOP_ANALYSIS = YES;
				CLANG_WARN_STRICT_PROTOTYPES = YES;
				CLANG_WARN_SUSPICIOUS_MOVE = YES;
				CLANG_WARN_UNGUARDED_AVAILABILITY = YES_AGGRESSIVE;
				CLANG_WARN_UNREACHABLE_CODE = YES;
				CLANG_WARN__DUPLICATE_METHOD_MATCH = YES;
				COPY_PHASE_STRIP = NO;
				DEBUG_INFORMATION_FORMAT = dwarf;
				ENABLE_STRICT_OBJC_MSGSEND = YES;
				ENABLE_TESTABILITY = YES;
				ENABLE_USER_SCRIPT_SANDBOXING = YES;
				GCC_C_LANGUAGE_STANDARD = gnu17;
				GCC_DYNAMIC_NO_PIC = NO;
				GCC_NO_COMMON_BLOCKS = YES;
				GCC_OPTIMIZATION_LEVEL = 0;
				GCC_PREPROCESSOR_DEFINITIONS = (
					"DEBUG=1",
					"$(inherited)",
				);
				GCC_WARN_64_TO_32_BIT_CONVERSION = YES;
				GCC_WARN_ABOUT_RETURN_TYPE = YES_ERROR;
				GCC_WARN_UNDECLARED_SELECTOR = YES;
				GCC_WARN_UNINITIALIZED_AUTOS = YES_AGGRESSIVE;
				GCC_WARN_UNUSED_FUNCTION = YES;
				GCC_WARN_UNUSED_VARIABLE = YES;
				IPHONEOS_DEPLOYMENT_TARGET = 18.0;
				LOCALIZATION_PREFERS_STRING_CATALOGS = YES;
				MTL_ENABLE_DEBUG_INFO = INCLUDE_SOURCE;
				MTL_FAST_MATH = YES;
				ONLY_ACTIVE_ARCH = YES;
				SDKROOT = iphoneos;
				SWIFT_ACTIVE_COMPILATION_CONDITIONS = "DEBUG $(inherited)";
				SWIFT_OPTIMIZATION_LEVEL = "-Onone";
			};
			name = Debug;
		};
		C6702D1C2D119265000A542F /* Release */ = {
			isa = XCBuildConfiguration;
			buildSettings = {
				ALWAYS_SEARCH_USER_PATHS = NO;
				ASSETCATALOG_COMPILER_GENERATE_SWIFT_ASSET_SYMBOL_EXTENSIONS = YES;
				CLANG_ANALYZER_NONNULL = YES;
				CLANG_ANALYZER_NUMBER_OBJECT_CONVERSION = YES_AGGRESSIVE;
				CLANG_CXX_LANGUAGE_STANDARD = "gnu++20";
				CLANG_ENABLE_MODULES = YES;
				CLANG_ENABLE_OBJC_ARC = YES;
				CLANG_ENABLE_OBJC_WEAK = YES;
				CLANG_WARN_BLOCK_CAPTURE_AUTORELEASING = YES;
				CLANG_WARN_BOOL_CONVERSION = YES;
				CLANG_WARN_COMMA = YES;
				CLANG_WARN_CONSTANT_CONVERSION = YES;
				CLANG_WARN_DEPRECATED_OBJC_IMPLEMENTATIONS = YES;
				CLANG_WARN_DIRECT_OBJC_ISA_USAGE = YES_ERROR;
				CLANG_WARN_DOCUMENTATION_COMMENTS = YES;
				CLANG_WARN_EMPTY_BODY = YES;
				CLANG_WARN_ENUM_CONVERSION = YES;
				CLANG_WARN_INFINITE_RECURSION = YES;
				CLANG_WARN_INT_CONVERSION = YES;
				CLANG_WARN_NON_LITERAL_NULL_CONVERSION = YES;
				CLANG_WARN_OBJC_IMPLICIT_RETAIN_SELF = YES;
				CLANG_WARN_OBJC_LITERAL_CONVERSION = YES;
				CLANG_WARN_OBJC_ROOT_CLASS = YES_ERROR;
				CLANG_WARN_QUOTED_INCLUDE_IN_FRAMEWORK_HEADER = YES;
				CLANG_WARN_RANGE_LOOP_ANALYSIS = YES;
				CLANG_WARN_STRICT_PROTOTYPES = YES;
				CLANG_WARN_SUSPICIOUS_MOVE = YES;
				CLANG_WARN_UNGUARDED_AVAILABILITY = YES_AGGRESSIVE;
				CLANG_WARN_UNREACHABLE_CODE = YES;
				CLANG_WARN__DUPLICATE_METHOD_MATCH = YES;
				COPY_PHASE_STRIP = NO;
				DEBUG_INFORMATION_FORMAT = "dwarf-with-dsym";
				ENABLE_NS_ASSERTIONS = NO;
				ENABLE_STRICT_OBJC_MSGSEND = YES;
				ENABLE_USER_SCRIPT_SANDBOXING = YES;
				GCC_C_LANGUAGE_STANDARD = gnu17;
				GCC_NO_COMMON_BLOCKS = YES;
				GCC_WARN_64_TO_32_BIT_CONVERSION = YES;
				GCC_WARN_ABOUT_RETURN_TYPE = YES_ERROR;
				GCC_WARN_UNDECLARED_SELECTOR = YES;
				GCC_WARN_UNINITIALIZED_AUTOS = YES_AGGRESSIVE;
				GCC_WARN_UNUSED_FUNCTION = YES;
				GCC_WARN_UNUSED_VARIABLE = YES;
				IPHONEOS_DEPLOYMENT_TARGET = 18.0;
				LOCALIZATION_PREFERS_STRING_CATALOGS = YES;
				MTL_ENABLE_DEBUG_INFO = NO;
				MTL_FAST_MATH = YES;
				SDKROOT = iphoneos;
				SWIFT_COMPILATION_MODE = wholemodule;
				VALIDATE_PRODUCT = YES;
			};
			name = Release;
		};
		C6702D1E2D119265000A542F /* Debug */ = {
			isa = XCBuildConfiguration;
			buildSettings = {
				BUNDLE_LOADER = "$(TEST_HOST)";
				CODE_SIGN_STYLE = Automatic;
				CURRENT_PROJECT_VERSION = 1;
				GENERATE_INFOPLIST_FILE = YES;
				IPHONEOS_DEPLOYMENT_TARGET = 18.0;
				MARKETING_VERSION = 1.0;
				PRODUCT_BUNDLE_IDENTIFIER = "ddwu.com.iosmobile.hszoo.likelion12th-appTests";
				PRODUCT_NAME = "$(TARGET_NAME)";
				SWIFT_EMIT_LOC_STRINGS = NO;
				SWIFT_VERSION = 5.0;
				TARGETED_DEVICE_FAMILY = "1,2";
				TEST_HOST = "$(BUILT_PRODUCTS_DIR)/likelion12th_app.app/$(BUNDLE_EXECUTABLE_FOLDER_PATH)/likelion12th_app";
			};
			name = Debug;
		};
		C6702D1F2D119265000A542F /* Release */ = {
			isa = XCBuildConfiguration;
			buildSettings = {
				BUNDLE_LOADER = "$(TEST_HOST)";
				CODE_SIGN_STYLE = Automatic;
				CURRENT_PROJECT_VERSION = 1;
				GENERATE_INFOPLIST_FILE = YES;
				IPHONEOS_DEPLOYMENT_TARGET = 18.0;
				MARKETING_VERSION = 1.0;
				PRODUCT_BUNDLE_IDENTIFIER = "ddwu.com.iosmobile.hszoo.likelion12th-appTests";
				PRODUCT_NAME = "$(TARGET_NAME)";
				SWIFT_EMIT_LOC_STRINGS = NO;
				SWIFT_VERSION = 5.0;
				TARGETED_DEVICE_FAMILY = "1,2";
				TEST_HOST = "$(BUILT_PRODUCTS_DIR)/likelion12th_app.app/$(BUNDLE_EXECUTABLE_FOLDER_PATH)/likelion12th_app";
			};
			name = Release;
		};
		C6702D212D119265000A542F /* Debug */ = {
			isa = XCBuildConfiguration;
			buildSettings = {
				CODE_SIGN_STYLE = Automatic;
				CURRENT_PROJECT_VERSION = 1;
				GENERATE_INFOPLIST_FILE = YES;
				MARKETING_VERSION = 1.0;
				PRODUCT_BUNDLE_IDENTIFIER = "ddwu.com.iosmobile.hszoo.likelion12th-appUITests";
				PRODUCT_NAME = "$(TARGET_NAME)";
				SWIFT_EMIT_LOC_STRINGS = NO;
				SWIFT_VERSION = 5.0;
				TARGETED_DEVICE_FAMILY = "1,2";
				TEST_TARGET_NAME = likelion12th_app;
			};
			name = Debug;
		};
		C6702D222D119265000A542F /* Release */ = {
			isa = XCBuildConfiguration;
			buildSettings = {
				CODE_SIGN_STYLE = Automatic;
				CURRENT_PROJECT_VERSION = 1;
				GENERATE_INFOPLIST_FILE = YES;
				MARKETING_VERSION = 1.0;
				PRODUCT_BUNDLE_IDENTIFIER = "ddwu.com.iosmobile.hszoo.likelion12th-appUITests";
				PRODUCT_NAME = "$(TARGET_NAME)";
				SWIFT_EMIT_LOC_STRINGS = NO;
				SWIFT_VERSION = 5.0;
				TARGETED_DEVICE_FAMILY = "1,2";
				TEST_TARGET_NAME = likelion12th_app;
			};
			name = Release;
		};
/* End XCBuildConfiguration section */

/* Begin XCConfigurationList section */
		C6702CEA2D119264000A542F /* Build configuration list for PBXProject "likelion12th_app" */ = {
			isa = XCConfigurationList;
			buildConfigurations = (
				C6702D1B2D119265000A542F /* Debug */,
				C6702D1C2D119265000A542F /* Release */,
			);
			defaultConfigurationIsVisible = 0;
			defaultConfigurationName = Release;
		};
		C6702D182D119265000A542F /* Build configuration list for PBXNativeTarget "likelion12th_app" */ = {
			isa = XCConfigurationList;
			buildConfigurations = (
				C6702D192D119265000A542F /* Debug */,
				C6702D1A2D119265000A542F /* Release */,
			);
			defaultConfigurationIsVisible = 0;
			defaultConfigurationName = Release;
		};
		C6702D1D2D119265000A542F /* Build configuration list for PBXNativeTarget "likelion12th_appTests" */ = {
			isa = XCConfigurationList;
			buildConfigurations = (
				C6702D1E2D119265000A542F /* Debug */,
				C6702D1F2D119265000A542F /* Release */,
			);
			defaultConfigurationIsVisible = 0;
			defaultConfigurationName = Release;
		};
		C6702D202D119265000A542F /* Build configuration list for PBXNativeTarget "likelion12th_appUITests" */ = {
			isa = XCConfigurationList;
			buildConfigurations = (
				C6702D212D119265000A542F /* Debug */,
				C6702D222D119265000A542F /* Release */,
			);
			defaultConfigurationIsVisible = 0;
			defaultConfigurationName = Release;
		};
/* End XCConfigurationList section */
	};
	rootObject = C6702CE72D119264000A542F /* Project object */;
}
